
Microsoft Visual Studio Solution File, Format Version 12.00
# Visual Studio Version 17
VisualStudioVersion = 17.11.35303.130
MinimumVisualStudioVersion = 10.0.40219.1
Project("{888888A0-9F3D-457C-B088-3A5042F75D52}") = "repos1", "repos1.pyproj", "{813D58B8-2DF0-4B6F-A390-64EAB9A5BE5E}"
EndProject
Global
	GlobalSection(SolutionConfigurationPlatforms) = preSolution
		Debug|Any CPU = Debug|Any CPU
		Release|Any CPU = Release|Any CPU
	EndGlobalSection
	GlobalSection(ProjectConfigurationPlatforms) = postSolution
		{813D58B8-2DF0-4B6F-A390-64EAB9A5BE5E}.Debug|Any CPU.ActiveCfg = Debug|Any CPU
		{813D58B8-2DF0-4B6F-A390-64EAB9A5BE5E}.Release|Any CPU.ActiveCfg = Release|Any CPU
	EndGlobalSection
	GlobalSection(SolutionProperties) = preSolution
		HideSolutionNode = FALSE
	EndGlobalSection
	GlobalSection(ExtensibilityGlobals) = postSolution
		SolutionGuid = {3B887F86-A3EF-4667-9A01-08B0A104A9C7}
	EndGlobalSection
EndGlobal
